
Microsoft Visual Studio Solution File, Format Version 12.00
# Visual Studio 15
VisualStudioVersion = 15.0.27130.2026
MinimumVisualStudioVersion = 10.0.40219.1
Project("{FAE04EC0-301F-11D3-BF4B-00C04F79EFBC}") = "TranslationFileEditor", "TranslationFileEditor.csproj", "{4798DD7F-0513-47D0-A081-747565CA5769}"
EndProject
Global
	GlobalSection(SolutionConfigurationPlatforms) = preSolution
		Debug|Any CPU = Debug|Any CPU
		Release|Any CPU = Release|Any CPU
	EndGlobalSection
	GlobalSection(ProjectConfigurationPlatforms) = postSolution
		{4798DD7F-0513-47D0-A081-747565CA5769}.Debug|Any CPU.ActiveCfg = Debug|Any CPU
		{4798DD7F-0513-47D0-A081-747565CA5769}.Debug|Any CPU.Build.0 = Debug|Any CPU
		{4798DD7F-0513-47D0-A081-747565CA5769}.Release|Any CPU.ActiveCfg = Release|Any CPU
		{4798DD7F-0513-47D0-A081-747565CA5769}.Release|Any CPU.Build.0 = Release|Any CPU
	EndGlobalSection
	GlobalSection(SolutionProperties) = preSolution
		HideSolutionNode = FALSE
	EndGlobalSection
	GlobalSection(ExtensibilityGlobals) = postSolution
		SolutionGuid = {38E8D518-E739-4A37-BF41-2E76812329C0}
	EndGlobalSection
EndGlobal
